{
  "name": "WEB",
  "lockfileVersion": 3,
  "requires": true,
  "packages": {
    "": {
      "dependencies": {
        "@asika32764/vue-animate": "^3.0.2"
      }
    },
    "node_modules/@asika32764/vue-animate": {
      "version": "3.0.2",
      "resolved": "https://registry.npmjs.org/@asika32764/vue-animate/-/vue-animate-3.0.2.tgz",
      "integrity": "sha512-VHfFDTVarHCvDlICgRl+4zOu0StstATMvr1dsPPxnfIefBIQFfxOCXtNu0xiNUMI4wPzhnaJIuRCYwT46PFpVw=="
    }
  }
}
